
Microsoft Visual Studio Solution File, Format Version 12.00
# Visual Studio 2015
Project("{FAE04EC0-301F-11D3-BF4B-00C04F79EFBC}") = "MineCraft", "MineCraft.csproj", "{21B7A8BF-54F9-CB6E-3678-C8F397C5C5B3}"
EndProject
Project("{FAE04EC0-301F-11D3-BF4B-00C04F79EFBC}") = "MineCraft.Plugins", "MineCraft.Plugins.csproj", "{59B9CBF3-5F38-D628-6000-00186CF23DD7}"
EndProject
Project("{FAE04EC0-301F-11D3-BF4B-00C04F79EFBC}") = "MineCraft.Editor.Plugins", "MineCraft.Editor.Plugins.csproj", "{044ECB51-AC7B-6638-21A8-B97E435FB662}"
EndProject
Global
	GlobalSection(SolutionConfigurationPlatforms) = preSolution
		Debug|Any CPU = Debug|Any CPU
		Release|Any CPU = Release|Any CPU
	EndGlobalSection
	GlobalSection(ProjectConfigurationPlatforms) = postSolution
		{21B7A8BF-54F9-CB6E-3678-C8F397C5C5B3}.Debug|Any CPU.ActiveCfg = Debug|Any CPU
		{21B7A8BF-54F9-CB6E-3678-C8F397C5C5B3}.Debug|Any CPU.Build.0 = Debug|Any CPU
		{21B7A8BF-54F9-CB6E-3678-C8F397C5C5B3}.Release|Any CPU.ActiveCfg = Release|Any CPU
		{21B7A8BF-54F9-CB6E-3678-C8F397C5C5B3}.Release|Any CPU.Build.0 = Release|Any CPU
		{59B9CBF3-5F38-D628-6000-00186CF23DD7}.Debug|Any CPU.ActiveCfg = Debug|Any CPU
		{59B9CBF3-5F38-D628-6000-00186CF23DD7}.Debug|Any CPU.Build.0 = Debug|Any CPU
		{59B9CBF3-5F38-D628-6000-00186CF23DD7}.Release|Any CPU.ActiveCfg = Release|Any CPU
		{59B9CBF3-5F38-D628-6000-00186CF23DD7}.Release|Any CPU.Build.0 = Release|Any CPU
		{044ECB51-AC7B-6638-21A8-B97E435FB662}.Debug|Any CPU.ActiveCfg = Debug|Any CPU
		{044ECB51-AC7B-6638-21A8-B97E435FB662}.Debug|Any CPU.Build.0 = Debug|Any CPU
		{044ECB51-AC7B-6638-21A8-B97E435FB662}.Release|Any CPU.ActiveCfg = Release|Any CPU
		{044ECB51-AC7B-6638-21A8-B97E435FB662}.Release|Any CPU.Build.0 = Release|Any CPU
	EndGlobalSection
	GlobalSection(SolutionProperties) = preSolution
		HideSolutionNode = FALSE
	EndGlobalSection
EndGlobal
